
Microsoft Visual Studio Solution File, Format Version 12.00
# Visual Studio Version 17
VisualStudioVersion = 17.4.33205.214
MinimumVisualStudioVersion = 10.0.40219.1
Project("{FAE04EC0-301F-11D3-BF4B-00C04F79EFBC}") = "POO", "POO\POO.csproj", "{D87D2CD4-69D4-4F61-994A-D1B2364B320A}"
EndProject
Global
	GlobalSection(SolutionConfigurationPlatforms) = preSolution
		Debug|Any CPU = Debug|Any CPU
		Release|Any CPU = Release|Any CPU
	EndGlobalSection
	GlobalSection(ProjectConfigurationPlatforms) = postSolution
		{D87D2CD4-69D4-4F61-994A-D1B2364B320A}.Debug|Any CPU.ActiveCfg = Debug|Any CPU
		{D87D2CD4-69D4-4F61-994A-D1B2364B320A}.Debug|Any CPU.Build.0 = Debug|Any CPU
		{D87D2CD4-69D4-4F61-994A-D1B2364B320A}.Release|Any CPU.ActiveCfg = Release|Any CPU
		{D87D2CD4-69D4-4F61-994A-D1B2364B320A}.Release|Any CPU.Build.0 = Release|Any CPU
	EndGlobalSection
	GlobalSection(SolutionProperties) = preSolution
		HideSolutionNode = FALSE
	EndGlobalSection
	GlobalSection(ExtensibilityGlobals) = postSolution
		SolutionGuid = {02D6CD80-BE0E-4E9F-B041-621865B54918}
	EndGlobalSection
EndGlobal
